
Microsoft Visual Studio Solution File, Format Version 12.00
# Visual Studio Version 17
VisualStudioVersion = 17.6.33829.357
MinimumVisualStudioVersion = 10.0.40219.1
Project("{FAE04EC0-301F-11D3-BF4B-00C04F79EFBC}") = "ClassWork24.07.23", "ClassWork24.07.23\ClassWork24.07.23.csproj", "{45D06C4C-5E31-4669-9010-ACB5AD780F54}"
EndProject
Global
	GlobalSection(SolutionConfigurationPlatforms) = preSolution
		Debug|Any CPU = Debug|Any CPU
		Release|Any CPU = Release|Any CPU
	EndGlobalSection
	GlobalSection(ProjectConfigurationPlatforms) = postSolution
		{45D06C4C-5E31-4669-9010-ACB5AD780F54}.Debug|Any CPU.ActiveCfg = Debug|Any CPU
		{45D06C4C-5E31-4669-9010-ACB5AD780F54}.Debug|Any CPU.Build.0 = Debug|Any CPU
		{45D06C4C-5E31-4669-9010-ACB5AD780F54}.Release|Any CPU.ActiveCfg = Release|Any CPU
		{45D06C4C-5E31-4669-9010-ACB5AD780F54}.Release|Any CPU.Build.0 = Release|Any CPU
	EndGlobalSection
	GlobalSection(SolutionProperties) = preSolution
		HideSolutionNode = FALSE
	EndGlobalSection
	GlobalSection(ExtensibilityGlobals) = postSolution
		SolutionGuid = {0C7F4C0C-8568-4401-B4F5-98952F2C0A4C}
	EndGlobalSection
EndGlobal
